// !$*UTF8*$!
{
	archiveVersion = 1;
	classes = {
	};
	objectVersion = 50;
	objects = {

/* Begin PBXBuildFile section */
		DAFD564B20E6F7B000F721AF /* Tests.swift in Sources */ = {isa = PBXBuildFile; fileRef = DAFD564A20E6F7B000F721AF /* Tests.swift */; };
		DAFD564E20E6F7B700F721AF /* main.swift in Sources */ = {isa = PBXBuildFile; fileRef = DAFD564D20E6F7B700F721AF /* main.swift */; };
		DAFD565520E6F80B00F721AF /* VersionUpdater.swift in Sources */ = {isa = PBXBuildFile; fileRef = DAFD564F20E6F80A00F721AF /* VersionUpdater.swift */; };
		DAFD565720E6F80B00F721AF /* GitTagFactory.swift in Sources */ = {isa = PBXBuildFile; fileRef = DAFD565120E6F80A00F721AF /* GitTagFactory.swift */; };
		DAFD565820E6F80B00F721AF /* Constants.swift in Sources */ = {isa = PBXBuildFile; fileRef = DAFD565220E6F80B00F721AF /* Constants.swift */; };
		DAFD565920E6F80B00F721AF /* ErrorUpdater.swift in Sources */ = {isa = PBXBuildFile; fileRef = DAFD565320E6F80B00F721AF /* ErrorUpdater.swift */; };
		DAFD565A20E6F80B00F721AF /* GitTag.swift in Sources */ = {isa = PBXBuildFile; fileRef = DAFD565420E6F80B00F721AF /* GitTag.swift */; };
/* End PBXBuildFile section */

/* Begin PBXContainerItemProxy section */
		DA079F2920E723D7009F9093 /* PBXContainerItemProxy */ = {
			isa = PBXContainerItemProxy;
			containerPortal = DA079F2420E723D7009F9093 /* SwiftToShell.xcodeproj */;
			proxyType = 2;
			remoteGlobalIDString = DAFD568420E6FE5300F721AF;
			remoteInfo = SwiftToShell;
		};
		DA079F2B20E723D7009F9093 /* PBXContainerItemProxy */ = {
			isa = PBXContainerItemProxy;
			containerPortal = DA079F2420E723D7009F9093 /* SwiftToShell.xcodeproj */;
			proxyType = 2;
			remoteGlobalIDString = DAFD569320E6FEDC00F721AF;
			remoteInfo = Tests;
		};
		DA079F2D20E723DE009F9093 /* PBXContainerItemProxy */ = {
			isa = PBXContainerItemProxy;
			containerPortal = DA079F2420E723D7009F9093 /* SwiftToShell.xcodeproj */;
			proxyType = 1;
			remoteGlobalIDString = DAFD568320E6FE5300F721AF;
			remoteInfo = SwiftToShell;
		};
/* End PBXContainerItemProxy section */

/* Begin PBXCopyFilesBuildPhase section */
		DAFD562A20E6F5C900F721AF /* CopyFiles */ = {
			isa = PBXCopyFilesBuildPhase;
			buildActionMask = 2147483647;
			dstPath = /usr/share/man/man1/;
			dstSubfolderSpec = 0;
			files = (
			);
			runOnlyForDeploymentPostprocessing = 1;
		};
/* End PBXCopyFilesBuildPhase section */

/* Begin PBXFileReference section */
		DA079F2420E723D7009F9093 /* SwiftToShell.xcodeproj */ = {isa = PBXFileReference; lastKnownFileType = "wrapper.pb-project"; name = SwiftToShell.xcodeproj; path = SwiftToShell/SwiftToShell.xcodeproj; sourceTree = "<group>"; };
		DAFD562C20E6F5C900F721AF /* VersionUpdater */ = {isa = PBXFileReference; explicitFileType = "compiled.mach-o.executable"; includeInIndex = 0; path = VersionUpdater; sourceTree = BUILT_PRODUCTS_DIR; };
		DAFD563A20E6F65600F721AF /* Tests.xctest */ = {isa = PBXFileReference; explicitFileType = wrapper.cfbundle; includeInIndex = 0; path = Tests.xctest; sourceTree = BUILT_PRODUCTS_DIR; };
		DAFD564220E6F75E00F721AF /* Configuration */ = {isa = PBXFileReference; lastKnownFileType = folder; path = Configuration; sourceTree = "<group>"; };
		DAFD564320E6F75E00F721AF /* LICENSE */ = {isa = PBXFileReference; lastKnownFileType = text; path = LICENSE; sourceTree = "<group>"; };
		DAFD564420E6F75F00F721AF /* README.md */ = {isa = PBXFileReference; lastKnownFileType = net.daringfireball.markdown; path = README.md; sourceTree = "<group>"; };
		DAFD564520E6F77C00F721AF /* .gitignore */ = {isa = PBXFileReference; lastKnownFileType = text; path = .gitignore; sourceTree = "<group>"; };
		DAFD564620E6F79900F721AF /* Scripts */ = {isa = PBXFileReference; lastKnownFileType = folder; path = Scripts; sourceTree = "<group>"; };
		DAFD564A20E6F7B000F721AF /* Tests.swift */ = {isa = PBXFileReference; fileEncoding = 4; lastKnownFileType = sourcecode.swift; path = Tests.swift; sourceTree = "<group>"; };
		DAFD564D20E6F7B700F721AF /* main.swift */ = {isa = PBXFileReference; fileEncoding = 4; lastKnownFileType = sourcecode.swift; path = main.swift; sourceTree = "<group>"; };
		DAFD564F20E6F80A00F721AF /* VersionUpdater.swift */ = {isa = PBXFileReference; fileEncoding = 4; lastKnownFileType = sourcecode.swift; path = VersionUpdater.swift; sourceTree = "<group>"; };
		DAFD565120E6F80A00F721AF /* GitTagFactory.swift */ = {isa = PBXFileReference; fileEncoding = 4; lastKnownFileType = sourcecode.swift; path = GitTagFactory.swift; sourceTree = "<group>"; };
		DAFD565220E6F80B00F721AF /* Constants.swift */ = {isa = PBXFileReference; fileEncoding = 4; lastKnownFileType = sourcecode.swift; path = Constants.swift; sourceTree = "<group>"; };
		DAFD565320E6F80B00F721AF /* ErrorUpdater.swift */ = {isa = PBXFileReference; fileEncoding = 4; lastKnownFileType = sourcecode.swift; path = ErrorUpdater.swift; sourceTree = "<group>"; };
		DAFD565420E6F80B00F721AF /* GitTag.swift */ = {isa = PBXFileReference; fileEncoding = 4; lastKnownFileType = sourcecode.swift; path = GitTag.swift; sourceTree = "<group>"; };
/* End PBXFileReference section */

/* Begin PBXFrameworksBuildPhase section */
		DAFD562920E6F5C900F721AF /* Frameworks */ = {
			isa = PBXFrameworksBuildPhase;
			buildActionMask = 2147483647;
			files = (
			);
			runOnlyForDeploymentPostprocessing = 0;
		};
		DAFD563720E6F65600F721AF /* Frameworks */ = {
			isa = PBXFrameworksBuildPhase;
			buildActionMask = 2147483647;
			files = (
			);
			runOnlyForDeploymentPostprocessing = 0;
		};
/* End PBXFrameworksBuildPhase section */

/* Begin PBXGroup section */
		DA079F2520E723D7009F9093 /* Products */ = {
			isa = PBXGroup;
			children = (
				DA079F2A20E723D7009F9093 /* SwiftToShell.framework */,
				DA079F2C20E723D7009F9093 /* Tests.xctest */,
			);
			name = Products;
			sourceTree = "<group>";
		};
		DA4C50F420E7208E00902A64 /* Frameworks */ = {
			isa = PBXGroup;
			children = (
				DA079F2420E723D7009F9093 /* SwiftToShell.xcodeproj */,
			);
			name = Frameworks;
			sourceTree = "<group>";
		};
		DAFD562320E6F5C900F721AF = {
			isa = PBXGroup;
			children = (
				DAFD564C20E6F7B700F721AF /* Source */,
				DAFD564920E6F7B000F721AF /* Tests */,
				DAFD562D20E6F5C900F721AF /* Products */,
				DAFD564220E6F75E00F721AF /* Configuration */,
				DAFD564620E6F79900F721AF /* Scripts */,
				DAFD564320E6F75E00F721AF /* LICENSE */,
				DAFD564420E6F75F00F721AF /* README.md */,
				DAFD564520E6F77C00F721AF /* .gitignore */,
				DA4C50F420E7208E00902A64 /* Frameworks */,
			);
			sourceTree = "<group>";
		};
		DAFD562D20E6F5C900F721AF /* Products */ = {
			isa = PBXGroup;
			children = (
				DAFD562C20E6F5C900F721AF /* VersionUpdater */,
				DAFD563A20E6F65600F721AF /* Tests.xctest */,
			);
			name = Products;
			sourceTree = "<group>";
		};
		DAFD564920E6F7B000F721AF /* Tests */ = {
			isa = PBXGroup;
			children = (
				DAFD564A20E6F7B000F721AF /* Tests.swift */,
			);
			path = Tests;
			sourceTree = "<group>";
		};
		DAFD564C20E6F7B700F721AF /* Source */ = {
			isa = PBXGroup;
			children = (
				DAFD564D20E6F7B700F721AF /* main.swift */,
				DAFD565220E6F80B00F721AF /* Constants.swift */,
				DAFD565320E6F80B00F721AF /* ErrorUpdater.swift */,
				DAFD565420E6F80B00F721AF /* GitTag.swift */,
				DAFD565120E6F80A00F721AF /* GitTagFactory.swift */,
				DAFD564F20E6F80A00F721AF /* VersionUpdater.swift */,
			);
			path = Source;
			sourceTree = "<group>";
		};
/* End PBXGroup section */

/* Begin PBXNativeTarget section */
		DAFD562B20E6F5C900F721AF /* VersionUpdater */ = {
			isa = PBXNativeTarget;
			buildConfigurationList = DAFD563320E6F5C900F721AF /* Build configuration list for PBXNativeTarget "VersionUpdater" */;
			buildPhases = (
				DAFD562820E6F5C900F721AF /* Sources */,
				DAFD562920E6F5C900F721AF /* Frameworks */,
				DAFD562A20E6F5C900F721AF /* CopyFiles */,
			);
			buildRules = (
			);
			dependencies = (
				DA079F2E20E723DE009F9093 /* PBXTargetDependency */,
			);
			name = VersionUpdater;
			productName = VersionUpdater;
			productReference = DAFD562C20E6F5C900F721AF /* VersionUpdater */;
			productType = "com.apple.product-type.tool";
		};
		DAFD563920E6F65600F721AF /* Tests */ = {
			isa = PBXNativeTarget;
			buildConfigurationList = DAFD563F20E6F65600F721AF /* Build configuration list for PBXNativeTarget "Tests" */;
			buildPhases = (
				DAFD563620E6F65600F721AF /* Sources */,
				DAFD563720E6F65600F721AF /* Frameworks */,
				DAFD563820E6F65600F721AF /* Resources */,
			);
			buildRules = (
			);
			dependencies = (
			);
			name = Tests;
			productName = Tests;
			productReference = DAFD563A20E6F65600F721AF /* Tests.xctest */;
			productType = "com.apple.product-type.bundle.unit-test";
		};
/* End PBXNativeTarget section */

/* Begin PBXProject section */
		DAFD562420E6F5C900F721AF /* Project object */ = {
			isa = PBXProject;
			attributes = {
				LastSwiftUpdateCheck = 0940;
				LastUpgradeCheck = 0940;
				ORGANIZATIONNAME = iturbide;
				TargetAttributes = {
					DAFD562B20E6F5C900F721AF = {
						CreatedOnToolsVersion = 9.4.1;
					};
					DAFD563920E6F65600F721AF = {
						CreatedOnToolsVersion = 9.4.1;
					};
				};
			};
			buildConfigurationList = DAFD562720E6F5C900F721AF /* Build configuration list for PBXProject "VersionUpdater" */;
			compatibilityVersion = "Xcode 9.3";
			developmentRegion = en;
			hasScannedForEncodings = 0;
			knownRegions = (
				en,
			);
			mainGroup = DAFD562320E6F5C900F721AF;
			productRefGroup = DAFD562D20E6F5C900F721AF /* Products */;
			projectDirPath = "";
			projectReferences = (
				{
					ProductGroup = DA079F2520E723D7009F9093 /* Products */;
					ProjectRef = DA079F2420E723D7009F9093 /* SwiftToShell.xcodeproj */;
				},
			);
			projectRoot = "";
			targets = (
				DAFD562B20E6F5C900F721AF /* VersionUpdater */,
				DAFD563920E6F65600F721AF /* Tests */,
			);
		};
/* End PBXProject section */

/* Begin PBXReferenceProxy section */
		DA079F2A20E723D7009F9093 /* SwiftToShell.framework */ = {
			isa = PBXReferenceProxy;
			fileType = wrapper.framework;
			path = SwiftToShell.framework;
			remoteRef = DA079F2920E723D7009F9093 /* PBXContainerItemProxy */;
			sourceTree = BUILT_PRODUCTS_DIR;
		};
		DA079F2C20E723D7009F9093 /* Tests.xctest */ = {
			isa = PBXReferenceProxy;
			fileType = wrapper.cfbundle;
			path = Tests.xctest;
			remoteRef = DA079F2B20E723D7009F9093 /* PBXContainerItemProxy */;
			sourceTree = BUILT_PRODUCTS_DIR;
		};
/* End PBXReferenceProxy section */

/* Begin PBXResourcesBuildPhase section */
		DAFD563820E6F65600F721AF /* Resources */ = {
			isa = PBXResourcesBuildPhase;
			buildActionMask = 2147483647;
			files = (
			);
			runOnlyForDeploymentPostprocessing = 0;
		};
/* End PBXResourcesBuildPhase section */

/* Begin PBXSourcesBuildPhase section */
		DAFD562820E6F5C900F721AF /* Sources */ = {
			isa = PBXSourcesBuildPhase;
			buildActionMask = 2147483647;
			files = (
				DAFD565820E6F80B00F721AF /* Constants.swift in Sources */,
				DAFD565A20E6F80B00F721AF /* GitTag.swift in Sources */,
				DAFD565520E6F80B00F721AF /* VersionUpdater.swift in Sources */,
				DAFD565720E6F80B00F721AF /* GitTagFactory.swift in Sources */,
				DAFD565920E6F80B00F721AF /* ErrorUpdater.swift in Sources */,
				DAFD564E20E6F7B700F721AF /* main.swift in Sources */,
			);
			runOnlyForDeploymentPostprocessing = 0;
		};
		DAFD563620E6F65600F721AF /* Sources */ = {
			isa = PBXSourcesBuildPhase;
			buildActionMask = 2147483647;
			files = (
				DAFD564B20E6F7B000F721AF /* Tests.swift in Sources */,
			);
			runOnlyForDeploymentPostprocessing = 0;
		};
/* End PBXSourcesBuildPhase section */

/* Begin PBXTargetDependency section */
		DA079F2E20E723DE009F9093 /* PBXTargetDependency */ = {
			isa = PBXTargetDependency;
			name = SwiftToShell;
			targetProxy = DA079F2D20E723DE009F9093 /* PBXContainerItemProxy */;
		};
/* End PBXTargetDependency section */

/* Begin XCBuildConfiguration section */
		DAFD563120E6F5C900F721AF /* Debug */ = {
			isa = XCBuildConfiguration;
			buildSettings = {
				ALWAYS_SEARCH_USER_PATHS = NO;
				CLANG_ANALYZER_NONNULL = YES;
				CLANG_ANALYZER_NUMBER_OBJECT_CONVERSION = YES_AGGRESSIVE;
				CLANG_CXX_LANGUAGE_STANDARD = "gnu++14";
				CLANG_CXX_LIBRARY = "libc++";
				CLANG_ENABLE_OBJC_ARC = YES;
				CLANG_ENABLE_OBJC_WEAK = YES;
				CLANG_WARN_BLOCK_CAPTURE_AUTORELEASING = YES;
				CLANG_WARN_BOOL_CONVERSION = YES;
				CLANG_WARN_COMMA = YES;
				CLANG_WARN_CONSTANT_CONVERSION = YES;
				CLANG_WARN_DEPRECATED_OBJC_IMPLEMENTATIONS = YES;
				CLANG_WARN_DIRECT_OBJC_ISA_USAGE = YES_ERROR;
				CLANG_WARN_DOCUMENTATION_COMMENTS = YES;
				CLANG_WARN_EMPTY_BODY = YES;
				CLANG_WARN_ENUM_CONVERSION = YES;
				CLANG_WARN_INFINITE_RECURSION = YES;
				CLANG_WARN_INT_CONVERSION = YES;
				CLANG_WARN_NON_LITERAL_NULL_CONVERSION = YES;
				CLANG_WARN_OBJC_IMPLICIT_RETAIN_SELF = YES;
				CLANG_WARN_OBJC_LITERAL_CONVERSION = YES;
				CLANG_WARN_OBJC_ROOT_CLASS = YES_ERROR;
				CLANG_WARN_RANGE_LOOP_ANALYSIS = YES;
				CLANG_WARN_STRICT_PROTOTYPES = YES;
				CLANG_WARN_SUSPICIOUS_MOVE = YES;
				CLANG_WARN_UNGUARDED_AVAILABILITY = YES_AGGRESSIVE;
				CLANG_WARN_UNREACHABLE_CODE = YES;
				CLANG_WARN__DUPLICATE_METHOD_MATCH = YES;
				CODE_SIGN_IDENTITY = "Mac Developer";
				COPY_PHASE_STRIP = NO;
				DEBUG_INFORMATION_FORMAT = dwarf;
				ENABLE_STRICT_OBJC_MSGSEND = YES;
				ENABLE_TESTABILITY = YES;
				GCC_C_LANGUAGE_STANDARD = gnu11;
				GCC_DYNAMIC_NO_PIC = NO;
				GCC_NO_COMMON_BLOCKS = YES;
				GCC_OPTIMIZATION_LEVEL = 0;
				GCC_PREPROCESSOR_DEFINITIONS = (
					"DEBUG=1",
					"$(inherited)",
				);
				GCC_WARN_64_TO_32_BIT_CONVERSION = YES;
				GCC_WARN_ABOUT_RETURN_TYPE = YES_ERROR;
				GCC_WARN_UNDECLARED_SELECTOR = YES;
				GCC_WARN_UNINITIALIZED_AUTOS = YES_AGGRESSIVE;
				GCC_WARN_UNUSED_FUNCTION = YES;
				GCC_WARN_UNUSED_VARIABLE = YES;
				MACOSX_DEPLOYMENT_TARGET = 10.13;
				MTL_ENABLE_DEBUG_INFO = YES;
				ONLY_ACTIVE_ARCH = YES;
				SDKROOT = macosx;
				SWIFT_ACTIVE_COMPILATION_CONDITIONS = DEBUG;
				SWIFT_INSTALL_OBJC_HEADER = NO;
				SWIFT_OPTIMIZATION_LEVEL = "-Onone";
				SWIFT_VERSION = 4.0;
			};
			name = Debug;
		};
		DAFD563220E6F5C900F721AF /* Release */ = {
			isa = XCBuildConfiguration;
			buildSettings = {
				ALWAYS_SEARCH_USER_PATHS = NO;
				CLANG_ANALYZER_NONNULL = YES;
				CLANG_ANALYZER_NUMBER_OBJECT_CONVERSION = YES_AGGRESSIVE;
				CLANG_CXX_LANGUAGE_STANDARD = "gnu++14";
				CLANG_CXX_LIBRARY = "libc++";
				CLANG_ENABLE_OBJC_ARC = YES;
				CLANG_ENABLE_OBJC_WEAK = YES;
				CLANG_WARN_BLOCK_CAPTURE_AUTORELEASING = YES;
				CLANG_WARN_BOOL_CONVERSION = YES;
				CLANG_WARN_COMMA = YES;
				CLANG_WARN_CONSTANT_CONVERSION = YES;
				CLANG_WARN_DEPRECATED_OBJC_IMPLEMENTATIONS = YES;
				CLANG_WARN_DIRECT_OBJC_ISA_USAGE = YES_ERROR;
				CLANG_WARN_DOCUMENTATION_COMMENTS = YES;
				CLANG_WARN_EMPTY_BODY = YES;
				CLANG_WARN_ENUM_CONVERSION = YES;
				CLANG_WARN_INFINITE_RECURSION = YES;
				CLANG_WARN_INT_CONVERSION = YES;
				CLANG_WARN_NON_LITERAL_NULL_CONVERSION = YES;
				CLANG_WARN_OBJC_IMPLICIT_RETAIN_SELF = YES;
				CLANG_WARN_OBJC_LITERAL_CONVERSION = YES;
				CLANG_WARN_OBJC_ROOT_CLASS = YES_ERROR;
				CLANG_WARN_RANGE_LOOP_ANALYSIS = YES;
				CLANG_WARN_STRICT_PROTOTYPES = YES;
				CLANG_WARN_SUSPICIOUS_MOVE = YES;
				CLANG_WARN_UNGUARDED_AVAILABILITY = YES_AGGRESSIVE;
				CLANG_WARN_UNREACHABLE_CODE = YES;
				CLANG_WARN__DUPLICATE_METHOD_MATCH = YES;
				CODE_SIGN_IDENTITY = "Mac Developer";
				COPY_PHASE_STRIP = NO;
				DEBUG_INFORMATION_FORMAT = dwarf;
				ENABLE_NS_ASSERTIONS = NO;
				ENABLE_STRICT_OBJC_MSGSEND = YES;
				GCC_C_LANGUAGE_STANDARD = gnu11;
				GCC_NO_COMMON_BLOCKS = YES;
				GCC_WARN_64_TO_32_BIT_CONVERSION = YES;
				GCC_WARN_ABOUT_RETURN_TYPE = YES_ERROR;
				GCC_WARN_UNDECLARED_SELECTOR = YES;
				GCC_WARN_UNINITIALIZED_AUTOS = YES_AGGRESSIVE;
				GCC_WARN_UNUSED_FUNCTION = YES;
				GCC_WARN_UNUSED_VARIABLE = YES;
				MACOSX_DEPLOYMENT_TARGET = 10.13;
				MTL_ENABLE_DEBUG_INFO = NO;
				SDKROOT = macosx;
				SWIFT_COMPILATION_MODE = wholemodule;
				SWIFT_INSTALL_OBJC_HEADER = NO;
				SWIFT_OPTIMIZATION_LEVEL = "-O";
				SWIFT_VERSION = 4.0;
			};
			name = Release;
		};
		DAFD563420E6F5C900F721AF /* Debug */ = {
			isa = XCBuildConfiguration;
			buildSettings = {
				CODE_SIGN_STYLE = Automatic;
				DEVELOPMENT_TEAM = 7AMWG3RLHN;
				PRODUCT_NAME = "$(TARGET_NAME)";
				SWIFT_VERSION = 4.0;
			};
			name = Debug;
		};
		DAFD563520E6F5C900F721AF /* Release */ = {
			isa = XCBuildConfiguration;
			buildSettings = {
				CODE_SIGN_STYLE = Automatic;
				DEVELOPMENT_TEAM = 7AMWG3RLHN;
				PRODUCT_NAME = "$(TARGET_NAME)";
				SWIFT_VERSION = 4.0;
			};
			name = Release;
		};
		DAFD564020E6F65600F721AF /* Debug */ = {
			isa = XCBuildConfiguration;
			buildSettings = {
				CODE_SIGN_STYLE = Automatic;
				COMBINE_HIDPI_IMAGES = YES;
				DEVELOPMENT_TEAM = 7AMWG3RLHN;
				INFOPLIST_FILE = Configuration/tests.plist;
				LD_RUNPATH_SEARCH_PATHS = (
					"$(inherited)",
					"@executable_path/../Frameworks",
					"@loader_path/../Frameworks",
				);
				PRODUCT_BUNDLE_IDENTIFIER = iturbide.VersionUpdater.Tests;
				PRODUCT_NAME = "$(TARGET_NAME)";
			};
			name = Debug;
		};
		DAFD564120E6F65600F721AF /* Release */ = {
			isa = XCBuildConfiguration;
			buildSettings = {
				CODE_SIGN_STYLE = Automatic;
				COMBINE_HIDPI_IMAGES = YES;
				DEVELOPMENT_TEAM = 7AMWG3RLHN;
				INFOPLIST_FILE = Configuration/tests.plist;
				LD_RUNPATH_SEARCH_PATHS = (
					"$(inherited)",
					"@executable_path/../Frameworks",
					"@loader_path/../Frameworks",
				);
				PRODUCT_BUNDLE_IDENTIFIER = iturbide.VersionUpdater.Tests;
				PRODUCT_NAME = "$(TARGET_NAME)";
			};
			name = Release;
		};
/* End XCBuildConfiguration section */

/* Begin XCConfigurationList section */
		DAFD562720E6F5C900F721AF /* Build configuration list for PBXProject "VersionUpdater" */ = {
			isa = XCConfigurationList;
			buildConfigurations = (
				DAFD563120E6F5C900F721AF /* Debug */,
				DAFD563220E6F5C900F721AF /* Release */,
			);
			defaultConfigurationIsVisible = 0;
			defaultConfigurationName = Release;
		};
		DAFD563320E6F5C900F721AF /* Build configuration list for PBXNativeTarget "VersionUpdater" */ = {
			isa = XCConfigurationList;
			buildConfigurations = (
				DAFD563420E6F5C900F721AF /* Debug */,
				DAFD563520E6F5C900F721AF /* Release */,
			);
			defaultConfigurationIsVisible = 0;
			defaultConfigurationName = Release;
		};
		DAFD563F20E6F65600F721AF /* Build configuration list for PBXNativeTarget "Tests" */ = {
			isa = XCConfigurationList;
			buildConfigurations = (
				DAFD564020E6F65600F721AF /* Debug */,
				DAFD564120E6F65600F721AF /* Release */,
			);
			defaultConfigurationIsVisible = 0;
			defaultConfigurationName = Release;
		};
/* End XCConfigurationList section */
	};
	rootObject = DAFD562420E6F5C900F721AF /* Project object */;
}
