// !$*UTF8*$!
{
	archiveVersion = 1;
	classes = {
	};
	objectVersion = 50;
	objects = {

/* Begin PBXBuildFile section */
		DA3B9BBD20E79DF100596635 /* TestVersionFactory.swift in Sources */ = {isa = PBXBuildFile; fileRef = DA3B9BBC20E79DF100596635 /* TestVersionFactory.swift */; };
		DA69AFCE20E8E18E006F0F91 /* VersionerProtocol.swift in Sources */ = {isa = PBXBuildFile; fileRef = DA69AFCD20E8E18E006F0F91 /* VersionerProtocol.swift */; };
		DA69AFD120E8E1F6006F0F91 /* MockVersionerProtocol.swift in Sources */ = {isa = PBXBuildFile; fileRef = DA69AFD020E8E1F6006F0F91 /* MockVersionerProtocol.swift */; };
		DA69AFD720E8EF4A006F0F91 /* TestReader.swift in Sources */ = {isa = PBXBuildFile; fileRef = DA69AFD620E8EF4A006F0F91 /* TestReader.swift */; };
		DA69AFD920E8F08B006F0F91 /* MockFileManager.swift in Sources */ = {isa = PBXBuildFile; fileRef = DA69AFD820E8F08B006F0F91 /* MockFileManager.swift */; };
		DA69AFDB20E8F0FC006F0F91 /* TestWriter.swift in Sources */ = {isa = PBXBuildFile; fileRef = DA69AFDA20E8F0FC006F0F91 /* TestWriter.swift */; };
		DA69AFDD20E8F52F006F0F91 /* PropertyListProtocol.swift in Sources */ = {isa = PBXBuildFile; fileRef = DA69AFDC20E8F52F006F0F91 /* PropertyListProtocol.swift */; };
		DA69AFDF20E8F53F006F0F91 /* PropertyList.swift in Sources */ = {isa = PBXBuildFile; fileRef = DA69AFDE20E8F53F006F0F91 /* PropertyList.swift */; };
		DA69AFE120E8F5FD006F0F91 /* MockPropertyListProtocol.swift in Sources */ = {isa = PBXBuildFile; fileRef = DA69AFE020E8F5FD006F0F91 /* MockPropertyListProtocol.swift */; };
		DA78D79620E7B0AD007672E3 /* MockShellProtocol.swift in Sources */ = {isa = PBXBuildFile; fileRef = DA78D79520E7B0AD007672E3 /* MockShellProtocol.swift */; };
		DA78D79820E7B4F7007672E3 /* Updater.swift in Sources */ = {isa = PBXBuildFile; fileRef = DA78D79720E7B4F7007672E3 /* Updater.swift */; };
		DA78D79A20E7B527007672E3 /* TestUpdater.swift in Sources */ = {isa = PBXBuildFile; fileRef = DA78D79920E7B527007672E3 /* TestUpdater.swift */; };
		DA78D79C20E7B6A3007672E3 /* ReaderProtocol.swift in Sources */ = {isa = PBXBuildFile; fileRef = DA78D79B20E7B6A3007672E3 /* ReaderProtocol.swift */; };
		DA78D79E20E7B6B0007672E3 /* WriterProtocol.swift in Sources */ = {isa = PBXBuildFile; fileRef = DA78D79D20E7B6B0007672E3 /* WriterProtocol.swift */; };
		DA78D7A020E7BAD1007672E3 /* Reader.swift in Sources */ = {isa = PBXBuildFile; fileRef = DA78D79F20E7BAD1007672E3 /* Reader.swift */; };
		DA78D7A220E7BB13007672E3 /* Writer.swift in Sources */ = {isa = PBXBuildFile; fileRef = DA78D7A120E7BB13007672E3 /* Writer.swift */; };
		DA78D7A420E7BBB9007672E3 /* MockReaderProtocol.swift in Sources */ = {isa = PBXBuildFile; fileRef = DA78D7A320E7BBB9007672E3 /* MockReaderProtocol.swift */; };
		DA78D7A620E7BBC1007672E3 /* MockWriterProtocol.swift in Sources */ = {isa = PBXBuildFile; fileRef = DA78D7A520E7BBC1007672E3 /* MockWriterProtocol.swift */; };
		DA9364F420E9F53C00903F83 /* Updater.swift in Sources */ = {isa = PBXBuildFile; fileRef = DA78D79720E7B4F7007672E3 /* Updater.swift */; };
		DA9364F520E9F53C00903F83 /* ErrorVersionUpdater.swift in Sources */ = {isa = PBXBuildFile; fileRef = DAA0192A20E7A1780017AC52 /* ErrorVersionUpdater.swift */; };
		DA9364F620E9F53C00903F83 /* VersionUpdaterConstants.swift in Sources */ = {isa = PBXBuildFile; fileRef = DAA0192720E7A1780017AC52 /* VersionUpdaterConstants.swift */; };
		DA9364F720E9F53C00903F83 /* VersionFactory.swift in Sources */ = {isa = PBXBuildFile; fileRef = DAA0192820E7A1780017AC52 /* VersionFactory.swift */; };
		DA9364F820E9F53C00903F83 /* Version.swift in Sources */ = {isa = PBXBuildFile; fileRef = DAA0192920E7A1780017AC52 /* Version.swift */; };
		DA9364F920E9F53C00903F83 /* VersionerProtocol.swift in Sources */ = {isa = PBXBuildFile; fileRef = DA69AFCD20E8E18E006F0F91 /* VersionerProtocol.swift */; };
		DA9364FA20E9F53C00903F83 /* Versioner.swift in Sources */ = {isa = PBXBuildFile; fileRef = DAA0192B20E7A1780017AC52 /* Versioner.swift */; };
		DA9364FB20E9F53C00903F83 /* ReaderProtocol.swift in Sources */ = {isa = PBXBuildFile; fileRef = DA78D79B20E7B6A3007672E3 /* ReaderProtocol.swift */; };
		DA9364FC20E9F53C00903F83 /* Reader.swift in Sources */ = {isa = PBXBuildFile; fileRef = DA78D79F20E7BAD1007672E3 /* Reader.swift */; };
		DA9364FD20E9F53C00903F83 /* WriterProtocol.swift in Sources */ = {isa = PBXBuildFile; fileRef = DA78D79D20E7B6B0007672E3 /* WriterProtocol.swift */; };
		DA9364FE20E9F53C00903F83 /* Writer.swift in Sources */ = {isa = PBXBuildFile; fileRef = DA78D7A120E7BB13007672E3 /* Writer.swift */; };
		DA9364FF20E9F53C00903F83 /* PropertyListProtocol.swift in Sources */ = {isa = PBXBuildFile; fileRef = DA69AFDC20E8F52F006F0F91 /* PropertyListProtocol.swift */; };
		DA93650020E9F53C00903F83 /* PropertyList.swift in Sources */ = {isa = PBXBuildFile; fileRef = DA69AFDE20E8F53F006F0F91 /* PropertyList.swift */; };
		DA93651E20E9F5FD00903F83 /* ShellFactory.swift in Sources */ = {isa = PBXBuildFile; fileRef = DA93650720E9F5E800903F83 /* ShellFactory.swift */; };
		DA93651F20E9F5FD00903F83 /* ShellProviderProtocol.swift in Sources */ = {isa = PBXBuildFile; fileRef = DA93650820E9F5E800903F83 /* ShellProviderProtocol.swift */; };
		DA93652020E9F5FD00903F83 /* ShellPipe.swift in Sources */ = {isa = PBXBuildFile; fileRef = DA93650920E9F5E800903F83 /* ShellPipe.swift */; };
		DA93652120E9F5FD00903F83 /* SwiftToShellConstants.swift in Sources */ = {isa = PBXBuildFile; fileRef = DA93650A20E9F5E800903F83 /* SwiftToShellConstants.swift */; };
		DA93652220E9F5FD00903F83 /* StandardShell.swift in Sources */ = {isa = PBXBuildFile; fileRef = DA93650B20E9F5E800903F83 /* StandardShell.swift */; };
		DA93652320E9F5FD00903F83 /* ShellProtocol.swift in Sources */ = {isa = PBXBuildFile; fileRef = DA93650C20E9F5E800903F83 /* ShellProtocol.swift */; };
		DA93652420E9F5FD00903F83 /* Shell.swift in Sources */ = {isa = PBXBuildFile; fileRef = DA93650D20E9F5E800903F83 /* Shell.swift */; };
		DA93652520E9F5FD00903F83 /* ShellProcess.swift in Sources */ = {isa = PBXBuildFile; fileRef = DA93650E20E9F5E800903F83 /* ShellProcess.swift */; };
		DA93652620E9F5FE00903F83 /* ShellFactory.swift in Sources */ = {isa = PBXBuildFile; fileRef = DA93650720E9F5E800903F83 /* ShellFactory.swift */; };
		DA93652720E9F5FE00903F83 /* ShellProviderProtocol.swift in Sources */ = {isa = PBXBuildFile; fileRef = DA93650820E9F5E800903F83 /* ShellProviderProtocol.swift */; };
		DA93652820E9F5FE00903F83 /* ShellPipe.swift in Sources */ = {isa = PBXBuildFile; fileRef = DA93650920E9F5E800903F83 /* ShellPipe.swift */; };
		DA93652920E9F5FE00903F83 /* SwiftToShellConstants.swift in Sources */ = {isa = PBXBuildFile; fileRef = DA93650A20E9F5E800903F83 /* SwiftToShellConstants.swift */; };
		DA93652A20E9F5FE00903F83 /* StandardShell.swift in Sources */ = {isa = PBXBuildFile; fileRef = DA93650B20E9F5E800903F83 /* StandardShell.swift */; };
		DA93652B20E9F5FE00903F83 /* ShellProtocol.swift in Sources */ = {isa = PBXBuildFile; fileRef = DA93650C20E9F5E800903F83 /* ShellProtocol.swift */; };
		DA93652C20E9F5FE00903F83 /* Shell.swift in Sources */ = {isa = PBXBuildFile; fileRef = DA93650D20E9F5E800903F83 /* Shell.swift */; };
		DA93652D20E9F5FE00903F83 /* ShellProcess.swift in Sources */ = {isa = PBXBuildFile; fileRef = DA93650E20E9F5E800903F83 /* ShellProcess.swift */; };
		DAA0192520E7A15B0017AC52 /* main.swift in Sources */ = {isa = PBXBuildFile; fileRef = DAFD564D20E6F7B700F721AF /* main.swift */; };
		DAA0192D20E7A1780017AC52 /* VersionUpdaterConstants.swift in Sources */ = {isa = PBXBuildFile; fileRef = DAA0192720E7A1780017AC52 /* VersionUpdaterConstants.swift */; };
		DAA0192E20E7A1780017AC52 /* VersionFactory.swift in Sources */ = {isa = PBXBuildFile; fileRef = DAA0192820E7A1780017AC52 /* VersionFactory.swift */; };
		DAA0192F20E7A1780017AC52 /* Version.swift in Sources */ = {isa = PBXBuildFile; fileRef = DAA0192920E7A1780017AC52 /* Version.swift */; };
		DAA0193020E7A1780017AC52 /* ErrorVersionUpdater.swift in Sources */ = {isa = PBXBuildFile; fileRef = DAA0192A20E7A1780017AC52 /* ErrorVersionUpdater.swift */; };
		DAA0193120E7A1780017AC52 /* Versioner.swift in Sources */ = {isa = PBXBuildFile; fileRef = DAA0192B20E7A1780017AC52 /* Versioner.swift */; };
		DAA0193520E7A2630017AC52 /* VersionUpdater.framework in Frameworks */ = {isa = PBXBuildFile; fileRef = DAA0191D20E7A1030017AC52 /* VersionUpdater.framework */; };
		DAFD564B20E6F7B000F721AF /* TestVersioner.swift in Sources */ = {isa = PBXBuildFile; fileRef = DAFD564A20E6F7B000F721AF /* TestVersioner.swift */; };
/* End PBXBuildFile section */

/* Begin PBXContainerItemProxy section */
		DA93651A20E9F5E900903F83 /* PBXContainerItemProxy */ = {
			isa = PBXContainerItemProxy;
			containerPortal = DA93651320E9F5E900903F83 /* SwiftToShell.xcodeproj */;
			proxyType = 2;
			remoteGlobalIDString = DAFD568420E6FE5300F721AF;
			remoteInfo = SwiftToShell;
		};
		DA93651C20E9F5E900903F83 /* PBXContainerItemProxy */ = {
			isa = PBXContainerItemProxy;
			containerPortal = DA93651320E9F5E900903F83 /* SwiftToShell.xcodeproj */;
			proxyType = 2;
			remoteGlobalIDString = DAFD569320E6FEDC00F721AF;
			remoteInfo = Tests;
		};
/* End PBXContainerItemProxy section */

/* Begin PBXFileReference section */
		DA3B9BBC20E79DF100596635 /* TestVersionFactory.swift */ = {isa = PBXFileReference; lastKnownFileType = sourcecode.swift; path = TestVersionFactory.swift; sourceTree = "<group>"; };
		DA69AFCD20E8E18E006F0F91 /* VersionerProtocol.swift */ = {isa = PBXFileReference; lastKnownFileType = sourcecode.swift; path = VersionerProtocol.swift; sourceTree = "<group>"; };
		DA69AFD020E8E1F6006F0F91 /* MockVersionerProtocol.swift */ = {isa = PBXFileReference; lastKnownFileType = sourcecode.swift; path = MockVersionerProtocol.swift; sourceTree = "<group>"; };
		DA69AFD620E8EF4A006F0F91 /* TestReader.swift */ = {isa = PBXFileReference; lastKnownFileType = sourcecode.swift; path = TestReader.swift; sourceTree = "<group>"; };
		DA69AFD820E8F08B006F0F91 /* MockFileManager.swift */ = {isa = PBXFileReference; lastKnownFileType = sourcecode.swift; path = MockFileManager.swift; sourceTree = "<group>"; };
		DA69AFDA20E8F0FC006F0F91 /* TestWriter.swift */ = {isa = PBXFileReference; lastKnownFileType = sourcecode.swift; path = TestWriter.swift; sourceTree = "<group>"; };
		DA69AFDC20E8F52F006F0F91 /* PropertyListProtocol.swift */ = {isa = PBXFileReference; lastKnownFileType = sourcecode.swift; path = PropertyListProtocol.swift; sourceTree = "<group>"; };
		DA69AFDE20E8F53F006F0F91 /* PropertyList.swift */ = {isa = PBXFileReference; lastKnownFileType = sourcecode.swift; path = PropertyList.swift; sourceTree = "<group>"; };
		DA69AFE020E8F5FD006F0F91 /* MockPropertyListProtocol.swift */ = {isa = PBXFileReference; lastKnownFileType = sourcecode.swift; path = MockPropertyListProtocol.swift; sourceTree = "<group>"; };
		DA69AFED20E9068E006F0F91 /* bin */ = {isa = PBXFileReference; lastKnownFileType = folder; path = bin; sourceTree = "<group>"; };
		DA78D79520E7B0AD007672E3 /* MockShellProtocol.swift */ = {isa = PBXFileReference; lastKnownFileType = sourcecode.swift; path = MockShellProtocol.swift; sourceTree = "<group>"; };
		DA78D79720E7B4F7007672E3 /* Updater.swift */ = {isa = PBXFileReference; lastKnownFileType = sourcecode.swift; path = Updater.swift; sourceTree = "<group>"; };
		DA78D79920E7B527007672E3 /* TestUpdater.swift */ = {isa = PBXFileReference; lastKnownFileType = sourcecode.swift; path = TestUpdater.swift; sourceTree = "<group>"; };
		DA78D79B20E7B6A3007672E3 /* ReaderProtocol.swift */ = {isa = PBXFileReference; lastKnownFileType = sourcecode.swift; path = ReaderProtocol.swift; sourceTree = "<group>"; };
		DA78D79D20E7B6B0007672E3 /* WriterProtocol.swift */ = {isa = PBXFileReference; lastKnownFileType = sourcecode.swift; path = WriterProtocol.swift; sourceTree = "<group>"; };
		DA78D79F20E7BAD1007672E3 /* Reader.swift */ = {isa = PBXFileReference; lastKnownFileType = sourcecode.swift; path = Reader.swift; sourceTree = "<group>"; };
		DA78D7A120E7BB13007672E3 /* Writer.swift */ = {isa = PBXFileReference; lastKnownFileType = sourcecode.swift; path = Writer.swift; sourceTree = "<group>"; };
		DA78D7A320E7BBB9007672E3 /* MockReaderProtocol.swift */ = {isa = PBXFileReference; lastKnownFileType = sourcecode.swift; path = MockReaderProtocol.swift; sourceTree = "<group>"; };
		DA78D7A520E7BBC1007672E3 /* MockWriterProtocol.swift */ = {isa = PBXFileReference; lastKnownFileType = sourcecode.swift; path = MockWriterProtocol.swift; sourceTree = "<group>"; };
		DA93650320E9F5E800903F83 /* tests.plist */ = {isa = PBXFileReference; lastKnownFileType = text.plist.xml; path = tests.plist; sourceTree = "<group>"; };
		DA93650420E9F5E800903F83 /* source.plist */ = {isa = PBXFileReference; lastKnownFileType = text.plist.xml; path = source.plist; sourceTree = "<group>"; };
		DA93650520E9F5E800903F83 /* LICENSE */ = {isa = PBXFileReference; lastKnownFileType = text; path = LICENSE; sourceTree = "<group>"; };
		DA93650720E9F5E800903F83 /* ShellFactory.swift */ = {isa = PBXFileReference; lastKnownFileType = sourcecode.swift; path = ShellFactory.swift; sourceTree = "<group>"; };
		DA93650820E9F5E800903F83 /* ShellProviderProtocol.swift */ = {isa = PBXFileReference; lastKnownFileType = sourcecode.swift; path = ShellProviderProtocol.swift; sourceTree = "<group>"; };
		DA93650920E9F5E800903F83 /* ShellPipe.swift */ = {isa = PBXFileReference; lastKnownFileType = sourcecode.swift; path = ShellPipe.swift; sourceTree = "<group>"; };
		DA93650A20E9F5E800903F83 /* SwiftToShellConstants.swift */ = {isa = PBXFileReference; lastKnownFileType = sourcecode.swift; path = SwiftToShellConstants.swift; sourceTree = "<group>"; };
		DA93650B20E9F5E800903F83 /* StandardShell.swift */ = {isa = PBXFileReference; lastKnownFileType = sourcecode.swift; path = StandardShell.swift; sourceTree = "<group>"; };
		DA93650C20E9F5E800903F83 /* ShellProtocol.swift */ = {isa = PBXFileReference; lastKnownFileType = sourcecode.swift; path = ShellProtocol.swift; sourceTree = "<group>"; };
		DA93650D20E9F5E800903F83 /* Shell.swift */ = {isa = PBXFileReference; lastKnownFileType = sourcecode.swift; path = Shell.swift; sourceTree = "<group>"; };
		DA93650E20E9F5E800903F83 /* ShellProcess.swift */ = {isa = PBXFileReference; lastKnownFileType = sourcecode.swift; path = ShellProcess.swift; sourceTree = "<group>"; };
		DA93651020E9F5E900903F83 /* MockShellProviderProtocol.swift */ = {isa = PBXFileReference; lastKnownFileType = sourcecode.swift; path = MockShellProviderProtocol.swift; sourceTree = "<group>"; };
		DA93651120E9F5E900903F83 /* TestShell.swift */ = {isa = PBXFileReference; lastKnownFileType = sourcecode.swift; path = TestShell.swift; sourceTree = "<group>"; };
		DA93651220E9F5E900903F83 /* TestStandardShell.swift */ = {isa = PBXFileReference; lastKnownFileType = sourcecode.swift; path = TestStandardShell.swift; sourceTree = "<group>"; };
		DA93651320E9F5E900903F83 /* SwiftToShell.xcodeproj */ = {isa = PBXFileReference; lastKnownFileType = "wrapper.pb-project"; path = SwiftToShell.xcodeproj; sourceTree = "<group>"; };
		DA93651620E9F5E900903F83 /* README.md */ = {isa = PBXFileReference; lastKnownFileType = net.daringfireball.markdown; path = README.md; sourceTree = "<group>"; };
		DA93651720E9F5E900903F83 /* .gitignore */ = {isa = PBXFileReference; lastKnownFileType = text; path = .gitignore; sourceTree = "<group>"; };
		DAA0191120E7A0EB0017AC52 /* Main */ = {isa = PBXFileReference; explicitFileType = "compiled.mach-o.executable"; includeInIndex = 0; path = Main; sourceTree = BUILT_PRODUCTS_DIR; };
		DAA0191D20E7A1030017AC52 /* VersionUpdater.framework */ = {isa = PBXFileReference; explicitFileType = wrapper.framework; includeInIndex = 0; path = VersionUpdater.framework; sourceTree = BUILT_PRODUCTS_DIR; };
		DAA0192720E7A1780017AC52 /* VersionUpdaterConstants.swift */ = {isa = PBXFileReference; fileEncoding = 4; lastKnownFileType = sourcecode.swift; path = VersionUpdaterConstants.swift; sourceTree = "<group>"; };
		DAA0192820E7A1780017AC52 /* VersionFactory.swift */ = {isa = PBXFileReference; fileEncoding = 4; lastKnownFileType = sourcecode.swift; path = VersionFactory.swift; sourceTree = "<group>"; };
		DAA0192920E7A1780017AC52 /* Version.swift */ = {isa = PBXFileReference; fileEncoding = 4; lastKnownFileType = sourcecode.swift; path = Version.swift; sourceTree = "<group>"; };
		DAA0192A20E7A1780017AC52 /* ErrorVersionUpdater.swift */ = {isa = PBXFileReference; fileEncoding = 4; lastKnownFileType = sourcecode.swift; path = ErrorVersionUpdater.swift; sourceTree = "<group>"; };
		DAA0192B20E7A1780017AC52 /* Versioner.swift */ = {isa = PBXFileReference; fileEncoding = 4; lastKnownFileType = sourcecode.swift; path = Versioner.swift; sourceTree = "<group>"; };
		DAFD563A20E6F65600F721AF /* Tests.xctest */ = {isa = PBXFileReference; explicitFileType = wrapper.cfbundle; includeInIndex = 0; path = Tests.xctest; sourceTree = BUILT_PRODUCTS_DIR; };
		DAFD564220E6F75E00F721AF /* Configuration */ = {isa = PBXFileReference; lastKnownFileType = folder; path = Configuration; sourceTree = "<group>"; };
		DAFD564320E6F75E00F721AF /* LICENSE */ = {isa = PBXFileReference; lastKnownFileType = text; path = LICENSE; sourceTree = "<group>"; };
		DAFD564420E6F75F00F721AF /* README.md */ = {isa = PBXFileReference; lastKnownFileType = net.daringfireball.markdown; path = README.md; sourceTree = "<group>"; };
		DAFD564520E6F77C00F721AF /* .gitignore */ = {isa = PBXFileReference; lastKnownFileType = text; path = .gitignore; sourceTree = "<group>"; };
		DAFD564A20E6F7B000F721AF /* TestVersioner.swift */ = {isa = PBXFileReference; fileEncoding = 4; lastKnownFileType = sourcecode.swift; path = TestVersioner.swift; sourceTree = "<group>"; };
		DAFD564D20E6F7B700F721AF /* main.swift */ = {isa = PBXFileReference; fileEncoding = 4; lastKnownFileType = sourcecode.swift; path = main.swift; sourceTree = "<group>"; };
/* End PBXFileReference section */

/* Begin PBXFrameworksBuildPhase section */
		DAA0190E20E7A0EB0017AC52 /* Frameworks */ = {
			isa = PBXFrameworksBuildPhase;
			buildActionMask = 2147483647;
			files = (
			);
			runOnlyForDeploymentPostprocessing = 0;
		};
		DAA0191920E7A1030017AC52 /* Frameworks */ = {
			isa = PBXFrameworksBuildPhase;
			buildActionMask = 2147483647;
			files = (
			);
			runOnlyForDeploymentPostprocessing = 0;
		};
		DAFD563720E6F65600F721AF /* Frameworks */ = {
			isa = PBXFrameworksBuildPhase;
			buildActionMask = 2147483647;
			files = (
				DAA0193520E7A2630017AC52 /* VersionUpdater.framework in Frameworks */,
			);
			runOnlyForDeploymentPostprocessing = 0;
		};
/* End PBXFrameworksBuildPhase section */

/* Begin PBXGroup section */
		DA93650120E9F5E800903F83 /* SwiftToShell */ = {
			isa = PBXGroup;
			children = (
				DA93650220E9F5E800903F83 /* Configuration */,
				DA93650620E9F5E800903F83 /* Source */,
				DA93650F20E9F5E800903F83 /* Tests */,
				DA93651320E9F5E900903F83 /* SwiftToShell.xcodeproj */,
				DA93651620E9F5E900903F83 /* README.md */,
				DA93650520E9F5E800903F83 /* LICENSE */,
				DA93651720E9F5E900903F83 /* .gitignore */,
			);
			path = SwiftToShell;
			sourceTree = "<group>";
		};
		DA93650220E9F5E800903F83 /* Configuration */ = {
			isa = PBXGroup;
			children = (
				DA93650320E9F5E800903F83 /* tests.plist */,
				DA93650420E9F5E800903F83 /* source.plist */,
			);
			path = Configuration;
			sourceTree = "<group>";
		};
		DA93650620E9F5E800903F83 /* Source */ = {
			isa = PBXGroup;
			children = (
				DA93650720E9F5E800903F83 /* ShellFactory.swift */,
				DA93650820E9F5E800903F83 /* ShellProviderProtocol.swift */,
				DA93650920E9F5E800903F83 /* ShellPipe.swift */,
				DA93650A20E9F5E800903F83 /* SwiftToShellConstants.swift */,
				DA93650B20E9F5E800903F83 /* StandardShell.swift */,
				DA93650C20E9F5E800903F83 /* ShellProtocol.swift */,
				DA93650D20E9F5E800903F83 /* Shell.swift */,
				DA93650E20E9F5E800903F83 /* ShellProcess.swift */,
			);
			path = Source;
			sourceTree = "<group>";
		};
		DA93650F20E9F5E800903F83 /* Tests */ = {
			isa = PBXGroup;
			children = (
				DA93651020E9F5E900903F83 /* MockShellProviderProtocol.swift */,
				DA93651120E9F5E900903F83 /* TestShell.swift */,
				DA93651220E9F5E900903F83 /* TestStandardShell.swift */,
			);
			path = Tests;
			sourceTree = "<group>";
		};
		DA93651420E9F5E900903F83 /* Products */ = {
			isa = PBXGroup;
			children = (
				DA93651B20E9F5E900903F83 /* SwiftToShell.framework */,
				DA93651D20E9F5E900903F83 /* Tests.xctest */,
			);
			name = Products;
			sourceTree = "<group>";
		};
		DAA0192620E7A1780017AC52 /* Source */ = {
			isa = PBXGroup;
			children = (
				DA78D79720E7B4F7007672E3 /* Updater.swift */,
				DAA0192A20E7A1780017AC52 /* ErrorVersionUpdater.swift */,
				DAA0192720E7A1780017AC52 /* VersionUpdaterConstants.swift */,
				DAA0192820E7A1780017AC52 /* VersionFactory.swift */,
				DAA0192920E7A1780017AC52 /* Version.swift */,
				DA69AFCD20E8E18E006F0F91 /* VersionerProtocol.swift */,
				DAA0192B20E7A1780017AC52 /* Versioner.swift */,
				DA78D79B20E7B6A3007672E3 /* ReaderProtocol.swift */,
				DA78D79F20E7BAD1007672E3 /* Reader.swift */,
				DA78D79D20E7B6B0007672E3 /* WriterProtocol.swift */,
				DA78D7A120E7BB13007672E3 /* Writer.swift */,
				DA69AFDC20E8F52F006F0F91 /* PropertyListProtocol.swift */,
				DA69AFDE20E8F53F006F0F91 /* PropertyList.swift */,
			);
			path = Source;
			sourceTree = "<group>";
		};
		DAFD562320E6F5C900F721AF = {
			isa = PBXGroup;
			children = (
				DAA0192620E7A1780017AC52 /* Source */,
				DAFD564920E6F7B000F721AF /* Tests */,
				DA93650120E9F5E800903F83 /* SwiftToShell */,
				DAFD562D20E6F5C900F721AF /* Products */,
				DAFD564220E6F75E00F721AF /* Configuration */,
				DA69AFED20E9068E006F0F91 /* bin */,
				DAFD564D20E6F7B700F721AF /* main.swift */,
				DAFD564320E6F75E00F721AF /* LICENSE */,
				DAFD564420E6F75F00F721AF /* README.md */,
				DAFD564520E6F77C00F721AF /* .gitignore */,
			);
			sourceTree = "<group>";
		};
		DAFD562D20E6F5C900F721AF /* Products */ = {
			isa = PBXGroup;
			children = (
				DAFD563A20E6F65600F721AF /* Tests.xctest */,
				DAA0191120E7A0EB0017AC52 /* Main */,
				DAA0191D20E7A1030017AC52 /* VersionUpdater.framework */,
			);
			name = Products;
			sourceTree = "<group>";
		};
		DAFD564920E6F7B000F721AF /* Tests */ = {
			isa = PBXGroup;
			children = (
				DA78D79920E7B527007672E3 /* TestUpdater.swift */,
				DAFD564A20E6F7B000F721AF /* TestVersioner.swift */,
				DA3B9BBC20E79DF100596635 /* TestVersionFactory.swift */,
				DA69AFD620E8EF4A006F0F91 /* TestReader.swift */,
				DA69AFDA20E8F0FC006F0F91 /* TestWriter.swift */,
				DA78D79520E7B0AD007672E3 /* MockShellProtocol.swift */,
				DA78D7A320E7BBB9007672E3 /* MockReaderProtocol.swift */,
				DA78D7A520E7BBC1007672E3 /* MockWriterProtocol.swift */,
				DA69AFD020E8E1F6006F0F91 /* MockVersionerProtocol.swift */,
				DA69AFD820E8F08B006F0F91 /* MockFileManager.swift */,
				DA69AFE020E8F5FD006F0F91 /* MockPropertyListProtocol.swift */,
			);
			path = Tests;
			sourceTree = "<group>";
		};
/* End PBXGroup section */

/* Begin PBXHeadersBuildPhase section */
		DAA0191A20E7A1030017AC52 /* Headers */ = {
			isa = PBXHeadersBuildPhase;
			buildActionMask = 2147483647;
			files = (
			);
			runOnlyForDeploymentPostprocessing = 0;
		};
/* End PBXHeadersBuildPhase section */

/* Begin PBXNativeTarget section */
		DAA0191020E7A0EB0017AC52 /* Main */ = {
			isa = PBXNativeTarget;
			buildConfigurationList = DAA0191520E7A0EB0017AC52 /* Build configuration list for PBXNativeTarget "Main" */;
			buildPhases = (
				DAA0190D20E7A0EB0017AC52 /* Sources */,
				DAA0190E20E7A0EB0017AC52 /* Frameworks */,
			);
			buildRules = (
			);
			dependencies = (
			);
			name = Main;
			productName = Main;
			productReference = DAA0191120E7A0EB0017AC52 /* Main */;
			productType = "com.apple.product-type.tool";
		};
		DAA0191C20E7A1030017AC52 /* VersionUpdater */ = {
			isa = PBXNativeTarget;
			buildConfigurationList = DAA0192220E7A1030017AC52 /* Build configuration list for PBXNativeTarget "VersionUpdater" */;
			buildPhases = (
				DAA0191820E7A1030017AC52 /* Sources */,
				DAA0191920E7A1030017AC52 /* Frameworks */,
				DAA0191A20E7A1030017AC52 /* Headers */,
				DAA0191B20E7A1030017AC52 /* Resources */,
			);
			buildRules = (
			);
			dependencies = (
			);
			name = VersionUpdater;
			productName = VersionUpdater;
			productReference = DAA0191D20E7A1030017AC52 /* VersionUpdater.framework */;
			productType = "com.apple.product-type.framework";
		};
		DAFD563920E6F65600F721AF /* Tests */ = {
			isa = PBXNativeTarget;
			buildConfigurationList = DAFD563F20E6F65600F721AF /* Build configuration list for PBXNativeTarget "Tests" */;
			buildPhases = (
				DAFD563620E6F65600F721AF /* Sources */,
				DAFD563720E6F65600F721AF /* Frameworks */,
				DAFD563820E6F65600F721AF /* Resources */,
			);
			buildRules = (
			);
			dependencies = (
			);
			name = Tests;
			productName = Tests;
			productReference = DAFD563A20E6F65600F721AF /* Tests.xctest */;
			productType = "com.apple.product-type.bundle.unit-test";
		};
/* End PBXNativeTarget section */

/* Begin PBXProject section */
		DAFD562420E6F5C900F721AF /* Project object */ = {
			isa = PBXProject;
			attributes = {
				LastSwiftUpdateCheck = 0940;
				LastUpgradeCheck = 0940;
				ORGANIZATIONNAME = iturbide;
				TargetAttributes = {
					DAA0191020E7A0EB0017AC52 = {
						CreatedOnToolsVersion = 9.4.1;
					};
					DAA0191C20E7A1030017AC52 = {
						CreatedOnToolsVersion = 9.4.1;
					};
					DAFD563920E6F65600F721AF = {
						CreatedOnToolsVersion = 9.4.1;
					};
				};
			};
			buildConfigurationList = DAFD562720E6F5C900F721AF /* Build configuration list for PBXProject "VersionUpdater" */;
			compatibilityVersion = "Xcode 9.3";
			developmentRegion = en;
			hasScannedForEncodings = 0;
			knownRegions = (
				en,
			);
			mainGroup = DAFD562320E6F5C900F721AF;
			productRefGroup = DAFD562D20E6F5C900F721AF /* Products */;
			projectDirPath = "";
			projectReferences = (
				{
					ProductGroup = DA93651420E9F5E900903F83 /* Products */;
					ProjectRef = DA93651320E9F5E900903F83 /* SwiftToShell.xcodeproj */;
				},
			);
			projectRoot = "";
			targets = (
				DAA0191020E7A0EB0017AC52 /* Main */,
				DAA0191C20E7A1030017AC52 /* VersionUpdater */,
				DAFD563920E6F65600F721AF /* Tests */,
			);
		};
/* End PBXProject section */

/* Begin PBXReferenceProxy section */
		DA93651B20E9F5E900903F83 /* SwiftToShell.framework */ = {
			isa = PBXReferenceProxy;
			fileType = wrapper.framework;
			path = SwiftToShell.framework;
			remoteRef = DA93651A20E9F5E900903F83 /* PBXContainerItemProxy */;
			sourceTree = BUILT_PRODUCTS_DIR;
		};
		DA93651D20E9F5E900903F83 /* Tests.xctest */ = {
			isa = PBXReferenceProxy;
			fileType = wrapper.cfbundle;
			path = Tests.xctest;
			remoteRef = DA93651C20E9F5E900903F83 /* PBXContainerItemProxy */;
			sourceTree = BUILT_PRODUCTS_DIR;
		};
/* End PBXReferenceProxy section */

/* Begin PBXResourcesBuildPhase section */
		DAA0191B20E7A1030017AC52 /* Resources */ = {
			isa = PBXResourcesBuildPhase;
			buildActionMask = 2147483647;
			files = (
			);
			runOnlyForDeploymentPostprocessing = 0;
		};
		DAFD563820E6F65600F721AF /* Resources */ = {
			isa = PBXResourcesBuildPhase;
			buildActionMask = 2147483647;
			files = (
			);
			runOnlyForDeploymentPostprocessing = 0;
		};
/* End PBXResourcesBuildPhase section */

/* Begin PBXSourcesBuildPhase section */
		DAA0190D20E7A0EB0017AC52 /* Sources */ = {
			isa = PBXSourcesBuildPhase;
			buildActionMask = 2147483647;
			files = (
				DA93652320E9F5FD00903F83 /* ShellProtocol.swift in Sources */,
				DA9364FE20E9F53C00903F83 /* Writer.swift in Sources */,
				DA9364FD20E9F53C00903F83 /* WriterProtocol.swift in Sources */,
				DA9364F620E9F53C00903F83 /* VersionUpdaterConstants.swift in Sources */,
				DA93652120E9F5FD00903F83 /* SwiftToShellConstants.swift in Sources */,
				DA9364FB20E9F53C00903F83 /* ReaderProtocol.swift in Sources */,
				DA9364FF20E9F53C00903F83 /* PropertyListProtocol.swift in Sources */,
				DA9364FC20E9F53C00903F83 /* Reader.swift in Sources */,
				DA9364F520E9F53C00903F83 /* ErrorVersionUpdater.swift in Sources */,
				DA93652220E9F5FD00903F83 /* StandardShell.swift in Sources */,
				DA9364F920E9F53C00903F83 /* VersionerProtocol.swift in Sources */,
				DA9364F720E9F53C00903F83 /* VersionFactory.swift in Sources */,
				DA93651E20E9F5FD00903F83 /* ShellFactory.swift in Sources */,
				DAA0192520E7A15B0017AC52 /* main.swift in Sources */,
				DA93651F20E9F5FD00903F83 /* ShellProviderProtocol.swift in Sources */,
				DA93652420E9F5FD00903F83 /* Shell.swift in Sources */,
				DA93652520E9F5FD00903F83 /* ShellProcess.swift in Sources */,
				DA93652020E9F5FD00903F83 /* ShellPipe.swift in Sources */,
				DA93650020E9F53C00903F83 /* PropertyList.swift in Sources */,
				DA9364F820E9F53C00903F83 /* Version.swift in Sources */,
				DA9364F420E9F53C00903F83 /* Updater.swift in Sources */,
				DA9364FA20E9F53C00903F83 /* Versioner.swift in Sources */,
			);
			runOnlyForDeploymentPostprocessing = 0;
		};
		DAA0191820E7A1030017AC52 /* Sources */ = {
			isa = PBXSourcesBuildPhase;
			buildActionMask = 2147483647;
			files = (
				DA93652920E9F5FE00903F83 /* SwiftToShellConstants.swift in Sources */,
				DA93652820E9F5FE00903F83 /* ShellPipe.swift in Sources */,
				DA93652C20E9F5FE00903F83 /* Shell.swift in Sources */,
				DAA0193120E7A1780017AC52 /* Versioner.swift in Sources */,
				DA69AFCE20E8E18E006F0F91 /* VersionerProtocol.swift in Sources */,
				DAA0193020E7A1780017AC52 /* ErrorVersionUpdater.swift in Sources */,
				DA69AFDD20E8F52F006F0F91 /* PropertyListProtocol.swift in Sources */,
				DA93652B20E9F5FE00903F83 /* ShellProtocol.swift in Sources */,
				DA93652D20E9F5FE00903F83 /* ShellProcess.swift in Sources */,
				DA78D7A020E7BAD1007672E3 /* Reader.swift in Sources */,
				DA78D79E20E7B6B0007672E3 /* WriterProtocol.swift in Sources */,
				DA78D79C20E7B6A3007672E3 /* ReaderProtocol.swift in Sources */,
				DA93652A20E9F5FE00903F83 /* StandardShell.swift in Sources */,
				DAA0192D20E7A1780017AC52 /* VersionUpdaterConstants.swift in Sources */,
				DAA0192F20E7A1780017AC52 /* Version.swift in Sources */,
				DA93652620E9F5FE00903F83 /* ShellFactory.swift in Sources */,
				DA69AFDF20E8F53F006F0F91 /* PropertyList.swift in Sources */,
				DA93652720E9F5FE00903F83 /* ShellProviderProtocol.swift in Sources */,
				DAA0192E20E7A1780017AC52 /* VersionFactory.swift in Sources */,
				DA78D79820E7B4F7007672E3 /* Updater.swift in Sources */,
				DA78D7A220E7BB13007672E3 /* Writer.swift in Sources */,
			);
			runOnlyForDeploymentPostprocessing = 0;
		};
		DAFD563620E6F65600F721AF /* Sources */ = {
			isa = PBXSourcesBuildPhase;
			buildActionMask = 2147483647;
			files = (
				DAFD564B20E6F7B000F721AF /* TestVersioner.swift in Sources */,
				DA78D79A20E7B527007672E3 /* TestUpdater.swift in Sources */,
				DA69AFE120E8F5FD006F0F91 /* MockPropertyListProtocol.swift in Sources */,
				DA3B9BBD20E79DF100596635 /* TestVersionFactory.swift in Sources */,
				DA78D7A420E7BBB9007672E3 /* MockReaderProtocol.swift in Sources */,
				DA69AFDB20E8F0FC006F0F91 /* TestWriter.swift in Sources */,
				DA78D7A620E7BBC1007672E3 /* MockWriterProtocol.swift in Sources */,
				DA78D79620E7B0AD007672E3 /* MockShellProtocol.swift in Sources */,
				DA69AFD720E8EF4A006F0F91 /* TestReader.swift in Sources */,
				DA69AFD920E8F08B006F0F91 /* MockFileManager.swift in Sources */,
				DA69AFD120E8E1F6006F0F91 /* MockVersionerProtocol.swift in Sources */,
			);
			runOnlyForDeploymentPostprocessing = 0;
		};
/* End PBXSourcesBuildPhase section */

/* Begin XCBuildConfiguration section */
		DAA0191620E7A0EB0017AC52 /* Debug */ = {
			isa = XCBuildConfiguration;
			buildSettings = {
				CODE_SIGN_STYLE = Automatic;
				DEVELOPMENT_TEAM = 7AMWG3RLHN;
				PRODUCT_NAME = "$(TARGET_NAME)";
			};
			name = Debug;
		};
		DAA0191720E7A0EB0017AC52 /* Release */ = {
			isa = XCBuildConfiguration;
			buildSettings = {
				CODE_SIGN_STYLE = Automatic;
				DEVELOPMENT_TEAM = 7AMWG3RLHN;
				PRODUCT_NAME = "$(TARGET_NAME)";
			};
			name = Release;
		};
		DAA0192320E7A1030017AC52 /* Debug */ = {
			isa = XCBuildConfiguration;
			buildSettings = {
				CODE_SIGN_IDENTITY = "";
				CODE_SIGN_STYLE = Automatic;
				COMBINE_HIDPI_IMAGES = YES;
				CURRENT_PROJECT_VERSION = 1;
				DEVELOPMENT_TEAM = 7AMWG3RLHN;
				DYLIB_COMPATIBILITY_VERSION = 1;
				DYLIB_CURRENT_VERSION = 1;
				DYLIB_INSTALL_NAME_BASE = "@rpath";
				FRAMEWORK_VERSION = A;
				INFOPLIST_FILE = Configuration/source.plist;
				INSTALL_PATH = "$(LOCAL_LIBRARY_DIR)/Frameworks";
				PRODUCT_BUNDLE_IDENTIFIER = iturbide.VersionUpdater;
				PRODUCT_NAME = "$(TARGET_NAME:c99extidentifier)";
				SKIP_INSTALL = YES;
				VERSIONING_SYSTEM = "apple-generic";
				VERSION_INFO_PREFIX = "";
			};
			name = Debug;
		};
		DAA0192420E7A1030017AC52 /* Release */ = {
			isa = XCBuildConfiguration;
			buildSettings = {
				CODE_SIGN_IDENTITY = "";
				CODE_SIGN_STYLE = Automatic;
				COMBINE_HIDPI_IMAGES = YES;
				CURRENT_PROJECT_VERSION = 1;
				DEVELOPMENT_TEAM = 7AMWG3RLHN;
				DYLIB_COMPATIBILITY_VERSION = 1;
				DYLIB_CURRENT_VERSION = 1;
				DYLIB_INSTALL_NAME_BASE = "@rpath";
				FRAMEWORK_VERSION = A;
				INFOPLIST_FILE = Configuration/source.plist;
				INSTALL_PATH = "$(LOCAL_LIBRARY_DIR)/Frameworks";
				PRODUCT_BUNDLE_IDENTIFIER = iturbide.VersionUpdater;
				PRODUCT_NAME = "$(TARGET_NAME:c99extidentifier)";
				SKIP_INSTALL = YES;
				VERSIONING_SYSTEM = "apple-generic";
				VERSION_INFO_PREFIX = "";
			};
			name = Release;
		};
		DAFD563120E6F5C900F721AF /* Debug */ = {
			isa = XCBuildConfiguration;
			buildSettings = {
				ALWAYS_SEARCH_USER_PATHS = NO;
				CLANG_ANALYZER_NONNULL = YES;
				CLANG_ANALYZER_NUMBER_OBJECT_CONVERSION = YES_AGGRESSIVE;
				CLANG_CXX_LANGUAGE_STANDARD = "gnu++14";
				CLANG_CXX_LIBRARY = "libc++";
				CLANG_ENABLE_OBJC_ARC = YES;
				CLANG_ENABLE_OBJC_WEAK = YES;
				CLANG_WARN_BLOCK_CAPTURE_AUTORELEASING = YES;
				CLANG_WARN_BOOL_CONVERSION = YES;
				CLANG_WARN_COMMA = YES;
				CLANG_WARN_CONSTANT_CONVERSION = YES;
				CLANG_WARN_DEPRECATED_OBJC_IMPLEMENTATIONS = YES;
				CLANG_WARN_DIRECT_OBJC_ISA_USAGE = YES_ERROR;
				CLANG_WARN_DOCUMENTATION_COMMENTS = YES;
				CLANG_WARN_EMPTY_BODY = YES;
				CLANG_WARN_ENUM_CONVERSION = YES;
				CLANG_WARN_INFINITE_RECURSION = YES;
				CLANG_WARN_INT_CONVERSION = YES;
				CLANG_WARN_NON_LITERAL_NULL_CONVERSION = YES;
				CLANG_WARN_OBJC_IMPLICIT_RETAIN_SELF = YES;
				CLANG_WARN_OBJC_LITERAL_CONVERSION = YES;
				CLANG_WARN_OBJC_ROOT_CLASS = YES_ERROR;
				CLANG_WARN_RANGE_LOOP_ANALYSIS = YES;
				CLANG_WARN_STRICT_PROTOTYPES = YES;
				CLANG_WARN_SUSPICIOUS_MOVE = YES;
				CLANG_WARN_UNGUARDED_AVAILABILITY = YES_AGGRESSIVE;
				CLANG_WARN_UNREACHABLE_CODE = YES;
				CLANG_WARN__DUPLICATE_METHOD_MATCH = YES;
				CODE_SIGN_IDENTITY = "Mac Developer";
				COPY_PHASE_STRIP = NO;
				DEBUG_INFORMATION_FORMAT = dwarf;
				ENABLE_STRICT_OBJC_MSGSEND = YES;
				ENABLE_TESTABILITY = YES;
				GCC_C_LANGUAGE_STANDARD = gnu11;
				GCC_DYNAMIC_NO_PIC = NO;
				GCC_NO_COMMON_BLOCKS = YES;
				GCC_OPTIMIZATION_LEVEL = 0;
				GCC_PREPROCESSOR_DEFINITIONS = (
					"DEBUG=1",
					"$(inherited)",
				);
				GCC_WARN_64_TO_32_BIT_CONVERSION = YES;
				GCC_WARN_ABOUT_RETURN_TYPE = YES_ERROR;
				GCC_WARN_UNDECLARED_SELECTOR = YES;
				GCC_WARN_UNINITIALIZED_AUTOS = YES_AGGRESSIVE;
				GCC_WARN_UNUSED_FUNCTION = YES;
				GCC_WARN_UNUSED_VARIABLE = YES;
				MACOSX_DEPLOYMENT_TARGET = 10.13;
				MTL_ENABLE_DEBUG_INFO = YES;
				ONLY_ACTIVE_ARCH = YES;
				SDKROOT = macosx;
				SWIFT_ACTIVE_COMPILATION_CONDITIONS = DEBUG;
				SWIFT_INSTALL_OBJC_HEADER = NO;
				SWIFT_OPTIMIZATION_LEVEL = "-Onone";
				SWIFT_VERSION = 4.0;
			};
			name = Debug;
		};
		DAFD563220E6F5C900F721AF /* Release */ = {
			isa = XCBuildConfiguration;
			buildSettings = {
				ALWAYS_SEARCH_USER_PATHS = NO;
				CLANG_ANALYZER_NONNULL = YES;
				CLANG_ANALYZER_NUMBER_OBJECT_CONVERSION = YES_AGGRESSIVE;
				CLANG_CXX_LANGUAGE_STANDARD = "gnu++14";
				CLANG_CXX_LIBRARY = "libc++";
				CLANG_ENABLE_OBJC_ARC = YES;
				CLANG_ENABLE_OBJC_WEAK = YES;
				CLANG_WARN_BLOCK_CAPTURE_AUTORELEASING = YES;
				CLANG_WARN_BOOL_CONVERSION = YES;
				CLANG_WARN_COMMA = YES;
				CLANG_WARN_CONSTANT_CONVERSION = YES;
				CLANG_WARN_DEPRECATED_OBJC_IMPLEMENTATIONS = YES;
				CLANG_WARN_DIRECT_OBJC_ISA_USAGE = YES_ERROR;
				CLANG_WARN_DOCUMENTATION_COMMENTS = YES;
				CLANG_WARN_EMPTY_BODY = YES;
				CLANG_WARN_ENUM_CONVERSION = YES;
				CLANG_WARN_INFINITE_RECURSION = YES;
				CLANG_WARN_INT_CONVERSION = YES;
				CLANG_WARN_NON_LITERAL_NULL_CONVERSION = YES;
				CLANG_WARN_OBJC_IMPLICIT_RETAIN_SELF = YES;
				CLANG_WARN_OBJC_LITERAL_CONVERSION = YES;
				CLANG_WARN_OBJC_ROOT_CLASS = YES_ERROR;
				CLANG_WARN_RANGE_LOOP_ANALYSIS = YES;
				CLANG_WARN_STRICT_PROTOTYPES = YES;
				CLANG_WARN_SUSPICIOUS_MOVE = YES;
				CLANG_WARN_UNGUARDED_AVAILABILITY = YES_AGGRESSIVE;
				CLANG_WARN_UNREACHABLE_CODE = YES;
				CLANG_WARN__DUPLICATE_METHOD_MATCH = YES;
				CODE_SIGN_IDENTITY = "Mac Developer";
				COPY_PHASE_STRIP = NO;
				DEBUG_INFORMATION_FORMAT = dwarf;
				ENABLE_NS_ASSERTIONS = NO;
				ENABLE_STRICT_OBJC_MSGSEND = YES;
				GCC_C_LANGUAGE_STANDARD = gnu11;
				GCC_NO_COMMON_BLOCKS = YES;
				GCC_WARN_64_TO_32_BIT_CONVERSION = YES;
				GCC_WARN_ABOUT_RETURN_TYPE = YES_ERROR;
				GCC_WARN_UNDECLARED_SELECTOR = YES;
				GCC_WARN_UNINITIALIZED_AUTOS = YES_AGGRESSIVE;
				GCC_WARN_UNUSED_FUNCTION = YES;
				GCC_WARN_UNUSED_VARIABLE = YES;
				MACOSX_DEPLOYMENT_TARGET = 10.13;
				MTL_ENABLE_DEBUG_INFO = NO;
				SDKROOT = macosx;
				SWIFT_COMPILATION_MODE = wholemodule;
				SWIFT_INSTALL_OBJC_HEADER = NO;
				SWIFT_OPTIMIZATION_LEVEL = "-O";
				SWIFT_VERSION = 4.0;
			};
			name = Release;
		};
		DAFD564020E6F65600F721AF /* Debug */ = {
			isa = XCBuildConfiguration;
			buildSettings = {
				CODE_SIGN_STYLE = Automatic;
				COMBINE_HIDPI_IMAGES = YES;
				DEVELOPMENT_TEAM = 7AMWG3RLHN;
				INFOPLIST_FILE = Configuration/tests.plist;
				PRODUCT_BUNDLE_IDENTIFIER = iturbide.VersionUpdater.Tests;
				PRODUCT_NAME = "$(TARGET_NAME)";
			};
			name = Debug;
		};
		DAFD564120E6F65600F721AF /* Release */ = {
			isa = XCBuildConfiguration;
			buildSettings = {
				CODE_SIGN_STYLE = Automatic;
				COMBINE_HIDPI_IMAGES = YES;
				DEVELOPMENT_TEAM = 7AMWG3RLHN;
				INFOPLIST_FILE = Configuration/tests.plist;
				PRODUCT_BUNDLE_IDENTIFIER = iturbide.VersionUpdater.Tests;
				PRODUCT_NAME = "$(TARGET_NAME)";
			};
			name = Release;
		};
/* End XCBuildConfiguration section */

/* Begin XCConfigurationList section */
		DAA0191520E7A0EB0017AC52 /* Build configuration list for PBXNativeTarget "Main" */ = {
			isa = XCConfigurationList;
			buildConfigurations = (
				DAA0191620E7A0EB0017AC52 /* Debug */,
				DAA0191720E7A0EB0017AC52 /* Release */,
			);
			defaultConfigurationIsVisible = 0;
			defaultConfigurationName = Release;
		};
		DAA0192220E7A1030017AC52 /* Build configuration list for PBXNativeTarget "VersionUpdater" */ = {
			isa = XCConfigurationList;
			buildConfigurations = (
				DAA0192320E7A1030017AC52 /* Debug */,
				DAA0192420E7A1030017AC52 /* Release */,
			);
			defaultConfigurationIsVisible = 0;
			defaultConfigurationName = Release;
		};
		DAFD562720E6F5C900F721AF /* Build configuration list for PBXProject "VersionUpdater" */ = {
			isa = XCConfigurationList;
			buildConfigurations = (
				DAFD563120E6F5C900F721AF /* Debug */,
				DAFD563220E6F5C900F721AF /* Release */,
			);
			defaultConfigurationIsVisible = 0;
			defaultConfigurationName = Release;
		};
		DAFD563F20E6F65600F721AF /* Build configuration list for PBXNativeTarget "Tests" */ = {
			isa = XCConfigurationList;
			buildConfigurations = (
				DAFD564020E6F65600F721AF /* Debug */,
				DAFD564120E6F65600F721AF /* Release */,
			);
			defaultConfigurationIsVisible = 0;
			defaultConfigurationName = Release;
		};
/* End XCConfigurationList section */
	};
	rootObject = DAFD562420E6F5C900F721AF /* Project object */;
}
